
Microsoft Visual Studio Solution File, Format Version 12.00
# Visual Studio Version 17
VisualStudioVersion = 17.2.32602.215
MinimumVisualStudioVersion = 10.0.40219.1
Project("{FAE04EC0-301F-11D3-BF4B-00C04F79EFBC}") = "whatsapp-fast-extract-group", "whatsapp-fast-extract-group\whatsapp-fast-extract-group.csproj", "{EBF2B821-92BD-484E-847A-57868CDF130B}"
EndProject
Global
	GlobalSection(SolutionConfigurationPlatforms) = preSolution
		Debug|Any CPU = Debug|Any CPU
		Release|Any CPU = Release|Any CPU
	EndGlobalSection
	GlobalSection(ProjectConfigurationPlatforms) = postSolution
		{EBF2B821-92BD-484E-847A-57868CDF130B}.Debug|Any CPU.ActiveCfg = Debug|Any CPU
		{EBF2B821-92BD-484E-847A-57868CDF130B}.Debug|Any CPU.Build.0 = Debug|Any CPU
		{EBF2B821-92BD-484E-847A-57868CDF130B}.Release|Any CPU.ActiveCfg = Release|Any CPU
		{EBF2B821-92BD-484E-847A-57868CDF130B}.Release|Any CPU.Build.0 = Release|Any CPU
	EndGlobalSection
	GlobalSection(SolutionProperties) = preSolution
		HideSolutionNode = FALSE
	EndGlobalSection
	GlobalSection(ExtensibilityGlobals) = postSolution
		SolutionGuid = {64E95A6E-F42C-4288-8263-17D9AE5DFD1B}
	EndGlobalSection
EndGlobal
